
Microsoft Visual Studio Solution File, Format Version 12.00
# Visual Studio Version 16
VisualStudioVersion = 16.0.31205.134
MinimumVisualStudioVersion = 10.0.40219.1
Project("{FAE04EC0-301F-11D3-BF4B-00C04F79EFBC}") = "CodeSmells", "CodeSmells\CodeSmells.csproj", "{7D94CBDA-2D50-4AFB-AC52-DCDE9D45694D}"
EndProject
Global
	GlobalSection(SolutionConfigurationPlatforms) = preSolution
		Debug|Any CPU = Debug|Any CPU
		Release|Any CPU = Release|Any CPU
	EndGlobalSection
	GlobalSection(ProjectConfigurationPlatforms) = postSolution
		{7D94CBDA-2D50-4AFB-AC52-DCDE9D45694D}.Debug|Any CPU.ActiveCfg = Debug|Any CPU
		{7D94CBDA-2D50-4AFB-AC52-DCDE9D45694D}.Debug|Any CPU.Build.0 = Debug|Any CPU
		{7D94CBDA-2D50-4AFB-AC52-DCDE9D45694D}.Release|Any CPU.ActiveCfg = Release|Any CPU
		{7D94CBDA-2D50-4AFB-AC52-DCDE9D45694D}.Release|Any CPU.Build.0 = Release|Any CPU
	EndGlobalSection
	GlobalSection(SolutionProperties) = preSolution
		HideSolutionNode = FALSE
	EndGlobalSection
	GlobalSection(ExtensibilityGlobals) = postSolution
		SolutionGuid = {8D017833-1CF1-42C2-8878-69361FA45D9E}
	EndGlobalSection
EndGlobal
